<?xml version="1.0" encoding="utf-8"?>
<Project ToolsVersion="4.0" xmlns="http://schemas.microsoft.com/developer/msbuild/2003">
  <ItemGroup>
    <Filter Include="Resource Files">
      <UniqueIdentifier>{67DA6AB6-F800-4c08-8B7A-83BB121AAD01}</UniqueIdentifier>
      <Extensions>rc;ico;cur;bmp;dlg;rc2;rct;bin;rgs;gif;jpg;jpeg;jpe;resx;tiff;tif;png;wav;mfcribbon-ms</Extensions>
    </Filter>
    <Filter Include="Gameplay">
      <UniqueIdentifier>{26e3ed64-7681-4a6c-a242-92283123adda}</UniqueIdentifier>
    </Filter>
    <Filter Include="Games">
      <UniqueIdentifier>{6839d178-7dde-4aeb-859b-648c9c2e40ba}</UniqueIdentifier>
    </Filter>
    <Filter Include="Games\Shooter2D">
      <UniqueIdentifier>{b7a055c1-a505-4563-b494-712b9b5922b5}</UniqueIdentifier>
    </Filter>
    <Filter Include="Games\Tank3D">
      <UniqueIdentifier>{8d7f4ecf-f918-4651-9fd4-6154fe91a698}</UniqueIdentifier>
    </Filter>
    <Filter Include="SNX">
      <UniqueIdentifier>{f983cec6-e774-471b-8470-21e2a0617ab4}</UniqueIdentifier>
    </Filter>
    <Filter Include="SNX\Input">
      <UniqueIdentifier>{d2e75130-6db0-438c-b9b6-19a4839d4e29}</UniqueIdentifier>
    </Filter>
    <Filter Include="SNX\Graphics">
      <UniqueIdentifier>{5dd4eb4d-7f66-4cbd-87c6-b184d7d94813}</UniqueIdentifier>
    </Filter>
    <Filter Include="SNX\Core">
      <UniqueIdentifier>{ddb53e9d-9f4e-40c5-9c59-0ba724b66715}</UniqueIdentifier>
    </Filter>
    <Filter Include="SNX\Audio">
      <UniqueIdentifier>{5fc2315e-afb9-4a68-98e2-ac933d14cd32}</UniqueIdentifier>
    </Filter>
    <Filter Include="SNX\Core\Object">
      <UniqueIdentifier>{a3977474-ade8-4247-ab57-8b29f1b0af90}</UniqueIdentifier>
    </Filter>
  </ItemGroup>
  <ItemGroup>
    <None Include="packages.config" />
    <None Include="TODO.md" />
  </ItemGroup>
  <ItemGroup>
    <ClCompile Include="main.cpp" />
    <ClCompile Include="Gameplay\Health.cpp">
      <Filter>Gameplay</Filter>
    </ClCompile>
    <ClCompile Include="Games\Tank3D\BlobShadow.cpp">
      <Filter>Games\Tank3D</Filter>
    </ClCompile>
    <ClCompile Include="Games\Tank3D\Bullet3D.cpp">
      <Filter>Games\Tank3D</Filter>
    </ClCompile>
    <ClCompile Include="Games\Tank3D\DamageFlash3D.cpp">
      <Filter>Games\Tank3D</Filter>
    </ClCompile>
    <ClCompile Include="Games\Tank3D\Enemy3D.cpp">
      <Filter>Games\Tank3D</Filter>
    </ClCompile>
    <ClCompile Include="Games\Tank3D\Explosion3D.cpp">
      <Filter>Games\Tank3D</Filter>
    </ClCompile>
    <ClCompile Include="Games\Tank3D\GroundObject.cpp">
      <Filter>Games\Tank3D</Filter>
    </ClCompile>
    <ClCompile Include="Games\Tank3D\MuzzleFlash3D.cpp">
      <Filter>Games\Tank3D</Filter>
    </ClCompile>
    <ClCompile Include="Games\Tank3D\Player3D.cpp">
      <Filter>Games\Tank3D</Filter>
    </ClCompile>
    <ClCompile Include="Games\Tank3D\TankGame3D.cpp">
      <Filter>Games\Tank3D</Filter>
    </ClCompile>
    <ClCompile Include="Games\Tank3D\TankVisual.cpp">
      <Filter>Games\Tank3D</Filter>
    </ClCompile>
    <ClCompile Include="Games\Tank3D\WallObject.cpp">
      <Filter>Games\Tank3D</Filter>
    </ClCompile>
    <ClCompile Include="Games\Shooter2D\Bullet.cpp">
      <Filter>Games\Shooter2D</Filter>
    </ClCompile>
    <ClCompile Include="Games\Shooter2D\Enemy.cpp">
      <Filter>Games\Shooter2D</Filter>
    </ClCompile>
    <ClCompile Include="Games\Shooter2D\Player.cpp">
      <Filter>Games\Shooter2D</Filter>
    </ClCompile>
    <ClCompile Include="Games\Shooter2D\ShooterGame2D.cpp">
      <Filter>Games\Shooter2D</Filter>
    </ClCompile>
    <ClCompile Include="Game.cpp" />
    <ClCompile Include="SNX\Audio\AudioManager.cpp">
      <Filter>SNX\Audio</Filter>
    </ClCompile>
    <ClCompile Include="SNX\Core\Camera3D.cpp">
      <Filter>SNX\Core</Filter>
    </ClCompile>
    <ClCompile Include="SNX\Core\ModelObject3D.cpp">
      <Filter>SNX\Core</Filter>
    </ClCompile>
    <ClCompile Include="SNX\Core\TextureFactory.cpp">
      <Filter>SNX\Core</Filter>
    </ClCompile>
    <ClCompile Include="SNX\Graphics\DeviceResources.cpp">
      <Filter>SNX\Graphics</Filter>
    </ClCompile>
    <ClCompile Include="SNX\Input\InputManager.cpp">
      <Filter>SNX\Input</Filter>
    </ClCompile>
    <ClCompile Include="SNX\Core\Time.cpp">
      <Filter>SNX\Core</Filter>
    </ClCompile>
    <ClCompile Include="SNX\Core\Object\Component.cpp">
      <Filter>SNX\Core\Object</Filter>
    </ClCompile>
    <ClCompile Include="SNX\Core\Object\GameObject.cpp">
      <Filter>SNX\Core\Object</Filter>
    </ClCompile>
  </ItemGroup>
  <ItemGroup>
    <ClInclude Include="Gameplay\Health.h">
      <Filter>Gameplay</Filter>
    </ClInclude>
    <ClInclude Include="Games\Tank3D\BlobShadow.h">
      <Filter>Games\Tank3D</Filter>
    </ClInclude>
    <ClInclude Include="Games\Tank3D\Bullet3D.h">
      <Filter>Games\Tank3D</Filter>
    </ClInclude>
    <ClInclude Include="Games\Tank3D\DamageFlash3D.h">
      <Filter>Games\Tank3D</Filter>
    </ClInclude>
    <ClInclude Include="Games\Tank3D\Enemy3D.h">
      <Filter>Games\Tank3D</Filter>
    </ClInclude>
    <ClInclude Include="Games\Tank3D\Explosion3D.h">
      <Filter>Games\Tank3D</Filter>
    </ClInclude>
    <ClInclude Include="Games\Tank3D\GroundObject.h">
      <Filter>Games\Tank3D</Filter>
    </ClInclude>
    <ClInclude Include="Games\Tank3D\MuzzleFlash3D.h">
      <Filter>Games\Tank3D</Filter>
    </ClInclude>
    <ClInclude Include="Games\Tank3D\Player3D.h">
      <Filter>Games\Tank3D</Filter>
    </ClInclude>
    <ClInclude Include="Games\Tank3D\TankGame3D.h">
      <Filter>Games\Tank3D</Filter>
    </ClInclude>
    <ClInclude Include="Games\Tank3D\TankVisual.h">
      <Filter>Games\Tank3D</Filter>
    </ClInclude>
    <ClInclude Include="Games\Tank3D\WallObject.h">
      <Filter>Games\Tank3D</Filter>
    </ClInclude>
    <ClInclude Include="Games\Shooter2D\Bullet.h">
      <Filter>Games\Shooter2D</Filter>
    </ClInclude>
    <ClInclude Include="Games\Shooter2D\Enemy.h">
      <Filter>Games\Shooter2D</Filter>
    </ClInclude>
    <ClInclude Include="Games\Shooter2D\Player.h">
      <Filter>Games\Shooter2D</Filter>
    </ClInclude>
    <ClInclude Include="Games\Shooter2D\ShooterGame2D.h">
      <Filter>Games\Shooter2D</Filter>
    </ClInclude>
    <ClInclude Include="Game.h" />
    <ClInclude Include="SNX\Audio\AudioManager.h">
      <Filter>SNX\Audio</Filter>
    </ClInclude>
    <ClInclude Include="SNX\Core\Camera3D.h">
      <Filter>SNX\Core</Filter>
    </ClInclude>
    <ClInclude Include="SNX\Core\Collision.h">
      <Filter>SNX\Core</Filter>
    </ClInclude>
    <ClInclude Include="SNX\Core\ModelObject3D.h">
      <Filter>SNX\Core</Filter>
    </ClInclude>
    <ClInclude Include="SNX\Core\TextureFactory.h">
      <Filter>SNX\Core</Filter>
    </ClInclude>
    <ClInclude Include="SNX\Graphics\DeviceResources.h">
      <Filter>SNX\Graphics</Filter>
    </ClInclude>
    <ClInclude Include="SNX\Input\InputManager.h">
      <Filter>SNX\Input</Filter>
    </ClInclude>
    <ClInclude Include="SNX\Core\Time.h">
      <Filter>SNX\Core</Filter>
    </ClInclude>
    <ClInclude Include="SNX\Core\Object\Transform.h">
      <Filter>SNX\Core\Object</Filter>
    </ClInclude>
    <ClInclude Include="SNX\Core\Object\Component.h">
      <Filter>SNX\Core\Object</Filter>
    </ClInclude>
    <ClInclude Include="SNX\Core\Object\GameObject.h">
      <Filter>SNX\Core\Object</Filter>
    </ClInclude>
  </ItemGroup>
  <ItemGroup>
    <CopyFileToFolders Include="Assets\gamefont.spritefont" />
    <CopyFileToFolders Include="Assets\Textures\bullet.png">
      <Filter>Resource Files</Filter>
    </CopyFileToFolders>
    <CopyFileToFolders Include="Assets\Audios\damage.wav">
      <Filter>Resource Files</Filter>
    </CopyFileToFolders>
    <CopyFileToFolders Include="Assets\Textures\enemy.png">
      <Filter>Resource Files</Filter>
    </CopyFileToFolders>
    <CopyFileToFolders Include="Assets\Audios\hit.wav">
      <Filter>Resource Files</Filter>
    </CopyFileToFolders>
    <CopyFileToFolders Include="Assets\Textures\player.png">
      <Filter>Resource Files</Filter>
    </CopyFileToFolders>
    <CopyFileToFolders Include="Assets\Audios\shoot.wav">
      <Filter>Resource Files</Filter>
    </CopyFileToFolders>
  </ItemGroup>
</Project>