<?xml version="1.0" encoding="utf-8"?>
<Project ToolsVersion="4.0" xmlns="http://schemas.microsoft.com/developer/msbuild/2003">
  <ItemGroup>
    <Filter Include="Resource Files">
      <UniqueIdentifier>{67DA6AB6-F800-4c08-8B7A-83BB121AAD01}</UniqueIdentifier>
      <Extensions>rc;ico;cur;bmp;dlg;rc2;rct;bin;rgs;gif;jpg;jpeg;jpe;resx;tiff;tif;png;wav;mfcribbon-ms</Extensions>
    </Filter>
    <Filter Include="Header Files">
      <UniqueIdentifier>{61aae0fb-3b1e-4d72-987c-94df202a251f}</UniqueIdentifier>
    </Filter>
    <Filter Include="Source Files">
      <UniqueIdentifier>{e29bd614-0022-42ad-aad0-2e00408533a9}</UniqueIdentifier>
    </Filter>
    <Filter Include="Gameplay">
      <UniqueIdentifier>{26e3ed64-7681-4a6c-a242-92283123adda}</UniqueIdentifier>
    </Filter>
    <Filter Include="Games">
      <UniqueIdentifier>{6839d178-7dde-4aeb-859b-648c9c2e40ba}</UniqueIdentifier>
    </Filter>
    <Filter Include="Graphics">
      <UniqueIdentifier>{5dd4eb4d-7f66-4cbd-87c6-b184d7d94813}</UniqueIdentifier>
    </Filter>
  </ItemGroup>
  <ItemGroup>
    <None Include="packages.config" />
    <None Include="TODO.md" />
  </ItemGroup>
  <ItemGroup>
    <ClCompile Include="main.cpp" />
    <ClCompile Include="Player.cpp">
      <Filter>Source Files</Filter>
    </ClCompile>
    <ClCompile Include="Bullet.cpp">
      <Filter>Source Files</Filter>
    </ClCompile>
    <ClCompile Include="Enemy.cpp">
      <Filter>Source Files</Filter>
    </ClCompile>
    <ClCompile Include="Game.cpp">
      <Filter>Source Files</Filter>
    </ClCompile>
    <ClCompile Include="TextureFactory.cpp">
      <Filter>Source Files</Filter>
    </ClCompile>
    <ClCompile Include="AudioManager.cpp">
      <Filter>Source Files</Filter>
    </ClCompile>
    <ClCompile Include="GroundObject.cpp">
      <Filter>Source Files</Filter>
    </ClCompile>
    <ClCompile Include="WallObject.cpp">
      <Filter>Source Files</Filter>
    </ClCompile>
    <ClCompile Include="Player3D.cpp">
      <Filter>Source Files</Filter>
    </ClCompile>
    <ClCompile Include="Enemy3D.cpp">
      <Filter>Source Files</Filter>
    </ClCompile>
    <ClCompile Include="Bullet3D.cpp">
      <Filter>Source Files</Filter>
    </ClCompile>
    <ClCompile Include="Camera3D.cpp">
      <Filter>Source Files</Filter>
    </ClCompile>
    <ClCompile Include="ModelObject3D.cpp">
      <Filter>Source Files</Filter>
    </ClCompile>
    <ClCompile Include="TankVisual.cpp">
      <Filter>Source Files</Filter>
    </ClCompile>
    <ClCompile Include="BlobShadow.cpp">
      <Filter>Source Files</Filter>
    </ClCompile>
    <ClCompile Include="MuzzleFlash3D.cpp">
      <Filter>Source Files</Filter>
    </ClCompile>
    <ClCompile Include="Explosion3D.cpp">
      <Filter>Source Files</Filter>
    </ClCompile>
    <ClCompile Include="DamageFlash3D.cpp">
      <Filter>Source Files</Filter>
    </ClCompile>
    <ClCompile Include="Gameplay\Health.cpp">
      <Filter>Gameplay</Filter>
    </ClCompile>
    <ClCompile Include="Games\TankGame3D.cpp">
      <Filter>Games</Filter>
    </ClCompile>
    <ClCompile Include="Graphics\DeviceResources.cpp">
      <Filter>Graphics</Filter>
    </ClCompile>
  </ItemGroup>
  <ItemGroup>
    <ClInclude Include="Player.h">
      <Filter>Header Files</Filter>
    </ClInclude>
    <ClInclude Include="Bullet.h">
      <Filter>Header Files</Filter>
    </ClInclude>
    <ClInclude Include="Collision.h">
      <Filter>Header Files</Filter>
    </ClInclude>
    <ClInclude Include="Enemy.h">
      <Filter>Header Files</Filter>
    </ClInclude>
    <ClInclude Include="Game.h">
      <Filter>Header Files</Filter>
    </ClInclude>
    <ClInclude Include="TextureFactory.h">
      <Filter>Header Files</Filter>
    </ClInclude>
    <ClInclude Include="AudioManager.h">
      <Filter>Header Files</Filter>
    </ClInclude>
    <ClInclude Include="GroundObject.h">
      <Filter>Header Files</Filter>
    </ClInclude>
    <ClInclude Include="WallObject.h">
      <Filter>Header Files</Filter>
    </ClInclude>
    <ClInclude Include="Player3D.h">
      <Filter>Header Files</Filter>
    </ClInclude>
    <ClInclude Include="Enemy3D.h">
      <Filter>Header Files</Filter>
    </ClInclude>
    <ClInclude Include="Bullet3D.h">
      <Filter>Header Files</Filter>
    </ClInclude>
    <ClInclude Include="Camera3D.h">
      <Filter>Header Files</Filter>
    </ClInclude>
    <ClInclude Include="ModelObject3D.h">
      <Filter>Header Files</Filter>
    </ClInclude>
    <ClInclude Include="TankVisual.h">
      <Filter>Header Files</Filter>
    </ClInclude>
    <ClInclude Include="BlobShadow.h">
      <Filter>Header Files</Filter>
    </ClInclude>
    <ClInclude Include="MuzzleFlash3D.h">
      <Filter>Header Files</Filter>
    </ClInclude>
    <ClInclude Include="Explosion3D.h">
      <Filter>Header Files</Filter>
    </ClInclude>
    <ClInclude Include="DamageFlash3D.h">
      <Filter>Header Files</Filter>
    </ClInclude>
    <ClInclude Include="Gameplay\Health.h">
      <Filter>Gameplay</Filter>
    </ClInclude>
    <ClInclude Include="Games\TankGame3D.h">
      <Filter>Games</Filter>
    </ClInclude>
    <ClInclude Include="Graphics\DeviceResources.h">
      <Filter>Graphics</Filter>
    </ClInclude>
  </ItemGroup>
  <ItemGroup>
    <CopyFileToFolders Include="Assets\gamefont.spritefont" />
    <CopyFileToFolders Include="Assets\Textures\bullet.png">
      <Filter>Resource Files</Filter>
    </CopyFileToFolders>
    <CopyFileToFolders Include="Assets\Audios\damage.wav">
      <Filter>Resource Files</Filter>
    </CopyFileToFolders>
    <CopyFileToFolders Include="Assets\Textures\enemy.png">
      <Filter>Resource Files</Filter>
    </CopyFileToFolders>
    <CopyFileToFolders Include="Assets\Audios\hit.wav">
      <Filter>Resource Files</Filter>
    </CopyFileToFolders>
    <CopyFileToFolders Include="Assets\Textures\player.png">
      <Filter>Resource Files</Filter>
    </CopyFileToFolders>
    <CopyFileToFolders Include="Assets\Audios\shoot.wav">
      <Filter>Resource Files</Filter>
    </CopyFileToFolders>
  </ItemGroup>
</Project>